{
  "name": "express-hcaptcha-mod",
  "version": "1.0.0",
  "lockfileVersion": 3,
  "requires": true,
  "packages": {
    "": {
      "name": "express-hcaptcha-mod",
      "version": "1.0.0",
      "license": "ISC",
      "dependencies": {
        "hcaptcha": "^0.1.1"
      }
    },
    "node_modules/hcaptcha": {
      "version": "0.1.1",
      "resolved": "https://registry.npmjs.org/hcaptcha/-/hcaptcha-0.1.1.tgz",
      "integrity": "sha512-iMrDmH2VpIEKOrcKWidVjI89FdDKTEdZ7PfPWkP27sTazIIkob8YfdY2ezaufAnWBiUUcvzsn0qF+dyXtBH2Vw=="
    }
  }
}
